
Microsoft Visual Studio Solution File, Format Version 12.00
# Visual Studio Version 17
VisualStudioVersion = 17.1.32319.34
MinimumVisualStudioVersion = 10.0.40219.1
Project("{FAE04EC0-301F-11D3-BF4B-00C04F79EFBC}") = "TPWinForm_Aguirre_Amarilla", "TPWinForm_Aguirre_Amarillo\TPWinForm_Aguirre_Amarilla.csproj", "{463AB85E-8502-4D94-8512-D43BD621C714}"
EndProject
Global
	GlobalSection(SolutionConfigurationPlatforms) = preSolution
		Debug|Any CPU = Debug|Any CPU
		Release|Any CPU = Release|Any CPU
	EndGlobalSection
	GlobalSection(ProjectConfigurationPlatforms) = postSolution
		{463AB85E-8502-4D94-8512-D43BD621C714}.Debug|Any CPU.ActiveCfg = Debug|Any CPU
		{463AB85E-8502-4D94-8512-D43BD621C714}.Debug|Any CPU.Build.0 = Debug|Any CPU
		{463AB85E-8502-4D94-8512-D43BD621C714}.Release|Any CPU.ActiveCfg = Release|Any CPU
		{463AB85E-8502-4D94-8512-D43BD621C714}.Release|Any CPU.Build.0 = Release|Any CPU
	EndGlobalSection
	GlobalSection(SolutionProperties) = preSolution
		HideSolutionNode = FALSE
	EndGlobalSection
	GlobalSection(ExtensibilityGlobals) = postSolution
		SolutionGuid = {654494A8-A778-4DB2-B1AE-259D111F4A5C}
	EndGlobalSection
EndGlobal
